// !$*UTF8*$!
{
	archiveVersion = 1;
	classes = {
	};
	objectVersion = 55;
	objects = {

/* Begin PBXBuildFile section */
		377AB404B1BF8D8A4B2CD8F8 /* Pods_KadaiChallenge17.framework in Frameworks */ = {isa = PBXBuildFile; fileRef = 287A797BA2AB876ACCE68A2A /* Pods_KadaiChallenge17.framework */; };
		D346EE74284ACE0F0086A2AE /* CheckItem.swift in Sources */ = {isa = PBXBuildFile; fileRef = D346EE73284ACE0F0086A2AE /* CheckItem.swift */; };
		D346EE77284ACE5C0086A2AE /* ItemTableViewCell.swift in Sources */ = {isa = PBXBuildFile; fileRef = D346EE75284ACE5C0086A2AE /* ItemTableViewCell.swift */; };
		D346EE78284ACE5C0086A2AE /* ItemTableViewCell.xib in Resources */ = {isa = PBXBuildFile; fileRef = D346EE76284ACE5C0086A2AE /* ItemTableViewCell.xib */; };
		D346EE7A284AD0B80086A2AE /* AddItemViewController.swift in Sources */ = {isa = PBXBuildFile; fileRef = D346EE79284AD0B80086A2AE /* AddItemViewController.swift */; };
		D346EE7C284AD0CB0086A2AE /* AddItem.storyboard in Resources */ = {isa = PBXBuildFile; fileRef = D346EE7B284AD0CB0086A2AE /* AddItem.storyboard */; };
		D3E8C4582847564900798E5C /* AppDelegate.swift in Sources */ = {isa = PBXBuildFile; fileRef = D3E8C4572847564900798E5C /* AppDelegate.swift */; };
		D3E8C45A2847564900798E5C /* SceneDelegate.swift in Sources */ = {isa = PBXBuildFile; fileRef = D3E8C4592847564900798E5C /* SceneDelegate.swift */; };
		D3E8C45C2847564900798E5C /* ViewController.swift in Sources */ = {isa = PBXBuildFile; fileRef = D3E8C45B2847564900798E5C /* ViewController.swift */; };
		D3E8C45F2847564900798E5C /* Main.storyboard in Resources */ = {isa = PBXBuildFile; fileRef = D3E8C45D2847564900798E5C /* Main.storyboard */; };
		D3E8C4612847564A00798E5C /* Assets.xcassets in Resources */ = {isa = PBXBuildFile; fileRef = D3E8C4602847564A00798E5C /* Assets.xcassets */; };
		D3E8C4642847564A00798E5C /* LaunchScreen.storyboard in Resources */ = {isa = PBXBuildFile; fileRef = D3E8C4622847564A00798E5C /* LaunchScreen.storyboard */; };
/* End PBXBuildFile section */

/* Begin PBXFileReference section */
		287A797BA2AB876ACCE68A2A /* Pods_KadaiChallenge17.framework */ = {isa = PBXFileReference; explicitFileType = wrapper.framework; includeInIndex = 0; path = Pods_KadaiChallenge17.framework; sourceTree = BUILT_PRODUCTS_DIR; };
		99D9B1040D15FBD4CFB6CD6B /* Pods-KadaiChallenge17.release.xcconfig */ = {isa = PBXFileReference; includeInIndex = 1; lastKnownFileType = text.xcconfig; name = "Pods-KadaiChallenge17.release.xcconfig"; path = "Target Support Files/Pods-KadaiChallenge17/Pods-KadaiChallenge17.release.xcconfig"; sourceTree = "<group>"; };
		A6B35F88AE851063A47BF437 /* Pods-KadaiChallenge17.debug.xcconfig */ = {isa = PBXFileReference; includeInIndex = 1; lastKnownFileType = text.xcconfig; name = "Pods-KadaiChallenge17.debug.xcconfig"; path = "Target Support Files/Pods-KadaiChallenge17/Pods-KadaiChallenge17.debug.xcconfig"; sourceTree = "<group>"; };
		D346EE73284ACE0F0086A2AE /* CheckItem.swift */ = {isa = PBXFileReference; lastKnownFileType = sourcecode.swift; path = CheckItem.swift; sourceTree = "<group>"; };
		D346EE75284ACE5C0086A2AE /* ItemTableViewCell.swift */ = {isa = PBXFileReference; lastKnownFileType = sourcecode.swift; path = ItemTableViewCell.swift; sourceTree = "<group>"; };
		D346EE76284ACE5C0086A2AE /* ItemTableViewCell.xib */ = {isa = PBXFileReference; lastKnownFileType = file.xib; path = ItemTableViewCell.xib; sourceTree = "<group>"; };
		D346EE79284AD0B80086A2AE /* AddItemViewController.swift */ = {isa = PBXFileReference; lastKnownFileType = sourcecode.swift; path = AddItemViewController.swift; sourceTree = "<group>"; };
		D346EE7B284AD0CB0086A2AE /* AddItem.storyboard */ = {isa = PBXFileReference; lastKnownFileType = file.storyboard; path = AddItem.storyboard; sourceTree = "<group>"; };
		D3E8C4542847564900798E5C /* KadaiChallenge17.app */ = {isa = PBXFileReference; explicitFileType = wrapper.application; includeInIndex = 0; path = KadaiChallenge17.app; sourceTree = BUILT_PRODUCTS_DIR; };
		D3E8C4572847564900798E5C /* AppDelegate.swift */ = {isa = PBXFileReference; lastKnownFileType = sourcecode.swift; path = AppDelegate.swift; sourceTree = "<group>"; };
		D3E8C4592847564900798E5C /* SceneDelegate.swift */ = {isa = PBXFileReference; lastKnownFileType = sourcecode.swift; path = SceneDelegate.swift; sourceTree = "<group>"; };
		D3E8C45B2847564900798E5C /* ViewController.swift */ = {isa = PBXFileReference; lastKnownFileType = sourcecode.swift; path = ViewController.swift; sourceTree = "<group>"; };
		D3E8C45E2847564900798E5C /* Base */ = {isa = PBXFileReference; lastKnownFileType = file.storyboard; name = Base; path = Base.lproj/Main.storyboard; sourceTree = "<group>"; };
		D3E8C4602847564A00798E5C /* Assets.xcassets */ = {isa = PBXFileReference; lastKnownFileType = folder.assetcatalog; path = Assets.xcassets; sourceTree = "<group>"; };
		D3E8C4632847564A00798E5C /* Base */ = {isa = PBXFileReference; lastKnownFileType = file.storyboard; name = Base; path = Base.lproj/LaunchScreen.storyboard; sourceTree = "<group>"; };
		D3E8C4652847564A00798E5C /* Info.plist */ = {isa = PBXFileReference; lastKnownFileType = text.plist.xml; path = Info.plist; sourceTree = "<group>"; };
/* End PBXFileReference section */

/* Begin PBXFrameworksBuildPhase section */
		D3E8C4512847564900798E5C /* Frameworks */ = {
			isa = PBXFrameworksBuildPhase;
			buildActionMask = 2147483647;
			files = (
				377AB404B1BF8D8A4B2CD8F8 /* Pods_KadaiChallenge17.framework in Frameworks */,
			);
			runOnlyForDeploymentPostprocessing = 0;
		};
/* End PBXFrameworksBuildPhase section */

/* Begin PBXGroup section */
		1B14E4DA13AD25134FBB104C /* Pods */ = {
			isa = PBXGroup;
			children = (
				A6B35F88AE851063A47BF437 /* Pods-KadaiChallenge17.debug.xcconfig */,
				99D9B1040D15FBD4CFB6CD6B /* Pods-KadaiChallenge17.release.xcconfig */,
			);
			path = Pods;
			sourceTree = "<group>";
		};
		518BA14969389CC35D0A3428 /* Frameworks */ = {
			isa = PBXGroup;
			children = (
				287A797BA2AB876ACCE68A2A /* Pods_KadaiChallenge17.framework */,
			);
			name = Frameworks;
			sourceTree = "<group>";
		};
		D3E8C44B2847564900798E5C = {
			isa = PBXGroup;
			children = (
				D3E8C4562847564900798E5C /* KadaiChallenge17 */,
				D3E8C4552847564900798E5C /* Products */,
				1B14E4DA13AD25134FBB104C /* Pods */,
				518BA14969389CC35D0A3428 /* Frameworks */,
			);
			sourceTree = "<group>";
		};
		D3E8C4552847564900798E5C /* Products */ = {
			isa = PBXGroup;
			children = (
				D3E8C4542847564900798E5C /* KadaiChallenge17.app */,
			);
			name = Products;
			sourceTree = "<group>";
		};
		D3E8C4562847564900798E5C /* KadaiChallenge17 */ = {
			isa = PBXGroup;
			children = (
				D3E8C4572847564900798E5C /* AppDelegate.swift */,
				D3E8C4592847564900798E5C /* SceneDelegate.swift */,
				D3E8C45B2847564900798E5C /* ViewController.swift */,
				D346EE79284AD0B80086A2AE /* AddItemViewController.swift */,
				D346EE75284ACE5C0086A2AE /* ItemTableViewCell.swift */,
				D346EE73284ACE0F0086A2AE /* CheckItem.swift */,
				D3E8C45D2847564900798E5C /* Main.storyboard */,
				D346EE7B284AD0CB0086A2AE /* AddItem.storyboard */,
				D346EE76284ACE5C0086A2AE /* ItemTableViewCell.xib */,
				D3E8C4622847564A00798E5C /* LaunchScreen.storyboard */,
				D3E8C4602847564A00798E5C /* Assets.xcassets */,
				D3E8C4652847564A00798E5C /* Info.plist */,
			);
			path = KadaiChallenge17;
			sourceTree = "<group>";
		};
/* End PBXGroup section */

/* Begin PBXNativeTarget section */
		D3E8C4532847564900798E5C /* KadaiChallenge17 */ = {
			isa = PBXNativeTarget;
			buildConfigurationList = D3E8C4682847564A00798E5C /* Build configuration list for PBXNativeTarget "KadaiChallenge17" */;
			buildPhases = (
				53FEAB94D18643535A16CEAE /* [CP] Check Pods Manifest.lock */,
				D3E8C4502847564900798E5C /* Sources */,
				D3E8C4512847564900798E5C /* Frameworks */,
				D3E8C4522847564900798E5C /* Resources */,
				D3E8C46B284756B600798E5C /* ShellScript */,
			);
			buildRules = (
			);
			dependencies = (
			);
			name = KadaiChallenge17;
			productName = KadaiChallenge17;
			productReference = D3E8C4542847564900798E5C /* KadaiChallenge17.app */;
			productType = "com.apple.product-type.application";
		};
/* End PBXNativeTarget section */

/* Begin PBXProject section */
		D3E8C44C2847564900798E5C /* Project object */ = {
			isa = PBXProject;
			attributes = {
				BuildIndependentTargetsInParallel = 1;
				LastSwiftUpdateCheck = 1340;
				LastUpgradeCheck = 1340;
				TargetAttributes = {
					D3E8C4532847564900798E5C = {
						CreatedOnToolsVersion = 13.4;
					};
				};
			};
			buildConfigurationList = D3E8C44F2847564900798E5C /* Build configuration list for PBXProject "KadaiChallenge17" */;
			compatibilityVersion = "Xcode 13.0";
			developmentRegion = en;
			hasScannedForEncodings = 0;
			knownRegions = (
				en,
				Base,
			);
			mainGroup = D3E8C44B2847564900798E5C;
			productRefGroup = D3E8C4552847564900798E5C /* Products */;
			projectDirPath = "";
			projectRoot = "";
			targets = (
				D3E8C4532847564900798E5C /* KadaiChallenge17 */,
			);
		};
/* End PBXProject section */

/* Begin PBXResourcesBuildPhase section */
		D3E8C4522847564900798E5C /* Resources */ = {
			isa = PBXResourcesBuildPhase;
			buildActionMask = 2147483647;
			files = (
				D346EE78284ACE5C0086A2AE /* ItemTableViewCell.xib in Resources */,
				D346EE7C284AD0CB0086A2AE /* AddItem.storyboard in Resources */,
				D3E8C4642847564A00798E5C /* LaunchScreen.storyboard in Resources */,
				D3E8C4612847564A00798E5C /* Assets.xcassets in Resources */,
				D3E8C45F2847564900798E5C /* Main.storyboard in Resources */,
			);
			runOnlyForDeploymentPostprocessing = 0;
		};
/* End PBXResourcesBuildPhase section */

/* Begin PBXShellScriptBuildPhase section */
		53FEAB94D18643535A16CEAE /* [CP] Check Pods Manifest.lock */ = {
			isa = PBXShellScriptBuildPhase;
			buildActionMask = 2147483647;
			files = (
			);
			inputFileListPaths = (
			);
			inputPaths = (
				"${PODS_PODFILE_DIR_PATH}/Podfile.lock",
				"${PODS_ROOT}/Manifest.lock",
			);
			name = "[CP] Check Pods Manifest.lock";
			outputFileListPaths = (
			);
			outputPaths = (
				"$(DERIVED_FILE_DIR)/Pods-KadaiChallenge17-checkManifestLockResult.txt",
			);
			runOnlyForDeploymentPostprocessing = 0;
			shellPath = /bin/sh;
			shellScript = "diff \"${PODS_PODFILE_DIR_PATH}/Podfile.lock\" \"${PODS_ROOT}/Manifest.lock\" > /dev/null\nif [ $? != 0 ] ; then\n    # print error to STDERR\n    echo \"error: The sandbox is not in sync with the Podfile.lock. Run 'pod install' or update your CocoaPods installation.\" >&2\n    exit 1\nfi\n# This output is used by Xcode 'outputs' to avoid re-running this script phase.\necho \"SUCCESS\" > \"${SCRIPT_OUTPUT_FILE_0}\"\n";
			showEnvVarsInLog = 0;
		};
		D3E8C46B284756B600798E5C /* ShellScript */ = {
			isa = PBXShellScriptBuildPhase;
			buildActionMask = 2147483647;
			files = (
			);
			inputFileListPaths = (
			);
			inputPaths = (
			);
			outputFileListPaths = (
			);
			outputPaths = (
			);
			runOnlyForDeploymentPostprocessing = 0;
			shellPath = /bin/sh;
			shellScript = "if which \"${PODS_ROOT}/SwiftLint/swiftlint\" >/dev/null; then\n${PODS_ROOT}/SwiftLint/swiftlint\nelse\necho \"warning: SwiftLint not installed, download from https://github.com/realm/SwiftLint\"\nfi\n";
		};
/* End PBXShellScriptBuildPhase section */

/* Begin PBXSourcesBuildPhase section */
		D3E8C4502847564900798E5C /* Sources */ = {
			isa = PBXSourcesBuildPhase;
			buildActionMask = 2147483647;
			files = (
				D3E8C45C2847564900798E5C /* ViewController.swift in Sources */,
				D3E8C4582847564900798E5C /* AppDelegate.swift in Sources */,
				D346EE77284ACE5C0086A2AE /* ItemTableViewCell.swift in Sources */,
				D3E8C45A2847564900798E5C /* SceneDelegate.swift in Sources */,
				D346EE74284ACE0F0086A2AE /* CheckItem.swift in Sources */,
				D346EE7A284AD0B80086A2AE /* AddItemViewController.swift in Sources */,
			);
			runOnlyForDeploymentPostprocessing = 0;
		};
/* End PBXSourcesBuildPhase section */

/* Begin PBXVariantGroup section */
		D3E8C45D2847564900798E5C /* Main.storyboard */ = {
			isa = PBXVariantGroup;
			children = (
				D3E8C45E2847564900798E5C /* Base */,
			);
			name = Main.storyboard;
			sourceTree = "<group>";
		};
		D3E8C4622847564A00798E5C /* LaunchScreen.storyboard */ = {
			isa = PBXVariantGroup;
			children = (
				D3E8C4632847564A00798E5C /* Base */,
			);
			name = LaunchScreen.storyboard;
			sourceTree = "<group>";
		};
/* End PBXVariantGroup section */

/* Begin XCBuildConfiguration section */
		D3E8C4662847564A00798E5C /* Debug */ = {
			isa = XCBuildConfiguration;
			buildSettings = {
				ALWAYS_SEARCH_USER_PATHS = NO;
				CLANG_ANALYZER_NONNULL = YES;
				CLANG_ANALYZER_NUMBER_OBJECT_CONVERSION = YES_AGGRESSIVE;
				CLANG_CXX_LANGUAGE_STANDARD = "gnu++17";
				CLANG_ENABLE_MODULES = YES;
				CLANG_ENABLE_OBJC_ARC = YES;
				CLANG_ENABLE_OBJC_WEAK = YES;
				CLANG_WARN_BLOCK_CAPTURE_AUTORELEASING = YES;
				CLANG_WARN_BOOL_CONVERSION = YES;
				CLANG_WARN_COMMA = YES;
				CLANG_WARN_CONSTANT_CONVERSION = YES;
				CLANG_WARN_DEPRECATED_OBJC_IMPLEMENTATIONS = YES;
				CLANG_WARN_DIRECT_OBJC_ISA_USAGE = YES_ERROR;
				CLANG_WARN_DOCUMENTATION_COMMENTS = YES;
				CLANG_WARN_EMPTY_BODY = YES;
				CLANG_WARN_ENUM_CONVERSION = YES;
				CLANG_WARN_INFINITE_RECURSION = YES;
				CLANG_WARN_INT_CONVERSION = YES;
				CLANG_WARN_NON_LITERAL_NULL_CONVERSION = YES;
				CLANG_WARN_OBJC_IMPLICIT_RETAIN_SELF = YES;
				CLANG_WARN_OBJC_LITERAL_CONVERSION = YES;
				CLANG_WARN_OBJC_ROOT_CLASS = YES_ERROR;
				CLANG_WARN_QUOTED_INCLUDE_IN_FRAMEWORK_HEADER = YES;
				CLANG_WARN_RANGE_LOOP_ANALYSIS = YES;
				CLANG_WARN_STRICT_PROTOTYPES = YES;
				CLANG_WARN_SUSPICIOUS_MOVE = YES;
				CLANG_WARN_UNGUARDED_AVAILABILITY = YES_AGGRESSIVE;
				CLANG_WARN_UNREACHABLE_CODE = YES;
				CLANG_WARN__DUPLICATE_METHOD_MATCH = YES;
				COPY_PHASE_STRIP = NO;
				DEBUG_INFORMATION_FORMAT = dwarf;
				ENABLE_STRICT_OBJC_MSGSEND = YES;
				ENABLE_TESTABILITY = YES;
				GCC_C_LANGUAGE_STANDARD = gnu11;
				GCC_DYNAMIC_NO_PIC = NO;
				GCC_NO_COMMON_BLOCKS = YES;
				GCC_OPTIMIZATION_LEVEL = 0;
				GCC_PREPROCESSOR_DEFINITIONS = (
					"DEBUG=1",
					"$(inherited)",
				);
				GCC_WARN_64_TO_32_BIT_CONVERSION = YES;
				GCC_WARN_ABOUT_RETURN_TYPE = YES_ERROR;
				GCC_WARN_UNDECLARED_SELECTOR = YES;
				GCC_WARN_UNINITIALIZED_AUTOS = YES_AGGRESSIVE;
				GCC_WARN_UNUSED_FUNCTION = YES;
				GCC_WARN_UNUSED_VARIABLE = YES;
				IPHONEOS_DEPLOYMENT_TARGET = 15.5;
				MTL_ENABLE_DEBUG_INFO = INCLUDE_SOURCE;
				MTL_FAST_MATH = YES;
				ONLY_ACTIVE_ARCH = YES;
				SDKROOT = iphoneos;
				SWIFT_ACTIVE_COMPILATION_CONDITIONS = DEBUG;
				SWIFT_OPTIMIZATION_LEVEL = "-Onone";
			};
			name = Debug;
		};
		D3E8C4672847564A00798E5C /* Release */ = {
			isa = XCBuildConfiguration;
			buildSettings = {
				ALWAYS_SEARCH_USER_PATHS = NO;
				CLANG_ANALYZER_NONNULL = YES;
				CLANG_ANALYZER_NUMBER_OBJECT_CONVERSION = YES_AGGRESSIVE;
				CLANG_CXX_LANGUAGE_STANDARD = "gnu++17";
				CLANG_ENABLE_MODULES = YES;
				CLANG_ENABLE_OBJC_ARC = YES;
				CLANG_ENABLE_OBJC_WEAK = YES;
				CLANG_WARN_BLOCK_CAPTURE_AUTORELEASING = YES;
				CLANG_WARN_BOOL_CONVERSION = YES;
				CLANG_WARN_COMMA = YES;
				CLANG_WARN_CONSTANT_CONVERSION = YES;
				CLANG_WARN_DEPRECATED_OBJC_IMPLEMENTATIONS = YES;
				CLANG_WARN_DIRECT_OBJC_ISA_USAGE = YES_ERROR;
				CLANG_WARN_DOCUMENTATION_COMMENTS = YES;
				CLANG_WARN_EMPTY_BODY = YES;
				CLANG_WARN_ENUM_CONVERSION = YES;
				CLANG_WARN_INFINITE_RECURSION = YES;
				CLANG_WARN_INT_CONVERSION = YES;
				CLANG_WARN_NON_LITERAL_NULL_CONVERSION = YES;
				CLANG_WARN_OBJC_IMPLICIT_RETAIN_SELF = YES;
				CLANG_WARN_OBJC_LITERAL_CONVERSION = YES;
				CLANG_WARN_OBJC_ROOT_CLASS = YES_ERROR;
				CLANG_WARN_QUOTED_INCLUDE_IN_FRAMEWORK_HEADER = YES;
				CLANG_WARN_RANGE_LOOP_ANALYSIS = YES;
				CLANG_WARN_STRICT_PROTOTYPES = YES;
				CLANG_WARN_SUSPICIOUS_MOVE = YES;
				CLANG_WARN_UNGUARDED_AVAILABILITY = YES_AGGRESSIVE;
				CLANG_WARN_UNREACHABLE_CODE = YES;
				CLANG_WARN__DUPLICATE_METHOD_MATCH = YES;
				COPY_PHASE_STRIP = NO;
				DEBUG_INFORMATION_FORMAT = "dwarf-with-dsym";
				ENABLE_NS_ASSERTIONS = NO;
				ENABLE_STRICT_OBJC_MSGSEND = YES;
				GCC_C_LANGUAGE_STANDARD = gnu11;
				GCC_NO_COMMON_BLOCKS = YES;
				GCC_WARN_64_TO_32_BIT_CONVERSION = YES;
				GCC_WARN_ABOUT_RETURN_TYPE = YES_ERROR;
				GCC_WARN_UNDECLARED_SELECTOR = YES;
				GCC_WARN_UNINITIALIZED_AUTOS = YES_AGGRESSIVE;
				GCC_WARN_UNUSED_FUNCTION = YES;
				GCC_WARN_UNUSED_VARIABLE = YES;
				IPHONEOS_DEPLOYMENT_TARGET = 15.5;
				MTL_ENABLE_DEBUG_INFO = NO;
				MTL_FAST_MATH = YES;
				SDKROOT = iphoneos;
				SWIFT_COMPILATION_MODE = wholemodule;
				SWIFT_OPTIMIZATION_LEVEL = "-O";
				VALIDATE_PRODUCT = YES;
			};
			name = Release;
		};
		D3E8C4692847564A00798E5C /* Debug */ = {
			isa = XCBuildConfiguration;
			baseConfigurationReference = A6B35F88AE851063A47BF437 /* Pods-KadaiChallenge17.debug.xcconfig */;
			buildSettings = {
				ASSETCATALOG_COMPILER_APPICON_NAME = AppIcon;
				ASSETCATALOG_COMPILER_GLOBAL_ACCENT_COLOR_NAME = AccentColor;
				CODE_SIGN_STYLE = Automatic;
				CURRENT_PROJECT_VERSION = 1;
				GENERATE_INFOPLIST_FILE = YES;
				INFOPLIST_FILE = KadaiChallenge17/Info.plist;
				INFOPLIST_KEY_UIApplicationSupportsIndirectInputEvents = YES;
				INFOPLIST_KEY_UILaunchStoryboardName = LaunchScreen;
				INFOPLIST_KEY_UIMainStoryboardFile = Main;
				INFOPLIST_KEY_UISupportedInterfaceOrientations_iPad = "UIInterfaceOrientationPortrait UIInterfaceOrientationPortraitUpsideDown UIInterfaceOrientationLandscapeLeft UIInterfaceOrientationLandscapeRight";
				INFOPLIST_KEY_UISupportedInterfaceOrientations_iPhone = "UIInterfaceOrientationPortrait UIInterfaceOrientationLandscapeLeft UIInterfaceOrientationLandscapeRight";
				LD_RUNPATH_SEARCH_PATHS = (
					"$(inherited)",
					"@executable_path/Frameworks",
				);
				MARKETING_VERSION = 1.0;
				PRODUCT_BUNDLE_IDENTIFIER = "Swift-Beginners.KadaiChallenge17";
				PRODUCT_NAME = "$(TARGET_NAME)";
				SWIFT_EMIT_LOC_STRINGS = YES;
				SWIFT_VERSION = 5.0;
				TARGETED_DEVICE_FAMILY = "1,2";
			};
			name = Debug;
		};
		D3E8C46A2847564A00798E5C /* Release */ = {
			isa = XCBuildConfiguration;
			baseConfigurationReference = 99D9B1040D15FBD4CFB6CD6B /* Pods-KadaiChallenge17.release.xcconfig */;
			buildSettings = {
				ASSETCATALOG_COMPILER_APPICON_NAME = AppIcon;
				ASSETCATALOG_COMPILER_GLOBAL_ACCENT_COLOR_NAME = AccentColor;
				CODE_SIGN_STYLE = Automatic;
				CURRENT_PROJECT_VERSION = 1;
				GENERATE_INFOPLIST_FILE = YES;
				INFOPLIST_FILE = KadaiChallenge17/Info.plist;
				INFOPLIST_KEY_UIApplicationSupportsIndirectInputEvents = YES;
				INFOPLIST_KEY_UILaunchStoryboardName = LaunchScreen;
				INFOPLIST_KEY_UIMainStoryboardFile = Main;
				INFOPLIST_KEY_UISupportedInterfaceOrientations_iPad = "UIInterfaceOrientationPortrait UIInterfaceOrientationPortraitUpsideDown UIInterfaceOrientationLandscapeLeft UIInterfaceOrientationLandscapeRight";
				INFOPLIST_KEY_UISupportedInterfaceOrientations_iPhone = "UIInterfaceOrientationPortrait UIInterfaceOrientationLandscapeLeft UIInterfaceOrientationLandscapeRight";
				LD_RUNPATH_SEARCH_PATHS = (
					"$(inherited)",
					"@executable_path/Frameworks",
				);
				MARKETING_VERSION = 1.0;
				PRODUCT_BUNDLE_IDENTIFIER = "Swift-Beginners.KadaiChallenge17";
				PRODUCT_NAME = "$(TARGET_NAME)";
				SWIFT_EMIT_LOC_STRINGS = YES;
				SWIFT_VERSION = 5.0;
				TARGETED_DEVICE_FAMILY = "1,2";
			};
			name = Release;
		};
/* End XCBuildConfiguration section */

/* Begin XCConfigurationList section */
		D3E8C44F2847564900798E5C /* Build configuration list for PBXProject "KadaiChallenge17" */ = {
			isa = XCConfigurationList;
			buildConfigurations = (
				D3E8C4662847564A00798E5C /* Debug */,
				D3E8C4672847564A00798E5C /* Release */,
			);
			defaultConfigurationIsVisible = 0;
			defaultConfigurationName = Release;
		};
		D3E8C4682847564A00798E5C /* Build configuration list for PBXNativeTarget "KadaiChallenge17" */ = {
			isa = XCConfigurationList;
			buildConfigurations = (
				D3E8C4692847564A00798E5C /* Debug */,
				D3E8C46A2847564A00798E5C /* Release */,
			);
			defaultConfigurationIsVisible = 0;
			defaultConfigurationName = Release;
		};
/* End XCConfigurationList section */
	};
	rootObject = D3E8C44C2847564900798E5C /* Project object */;
}
